// !$*UTF8*$!
{
	archiveVersion = 1;
	classes = {
	};
	objectVersion = 50;
	objects = {

/* Begin PBXBuildFile section */
		9DF55C1927DBA9E20071EFC0 /* AppDelegate.swift in Sources */ = {isa = PBXBuildFile; fileRef = 9DF55C1827DBA9E20071EFC0 /* AppDelegate.swift */; };
		9DF55C1B27DBA9E20071EFC0 /* SceneDelegate.swift in Sources */ = {isa = PBXBuildFile; fileRef = 9DF55C1A27DBA9E20071EFC0 /* SceneDelegate.swift */; };
		9DF55C1D27DBA9E20071EFC0 /* ViewController.swift in Sources */ = {isa = PBXBuildFile; fileRef = 9DF55C1C27DBA9E20071EFC0 /* ViewController.swift */; };
		9DF55C2027DBA9E20071EFC0 /* Main.storyboard in Resources */ = {isa = PBXBuildFile; fileRef = 9DF55C1E27DBA9E20071EFC0 /* Main.storyboard */; };
		9DF55C2227DBA9E30071EFC0 /* Assets.xcassets in Resources */ = {isa = PBXBuildFile; fileRef = 9DF55C2127DBA9E30071EFC0 /* Assets.xcassets */; };
		9DF55C2527DBA9E30071EFC0 /* LaunchScreen.storyboard in Resources */ = {isa = PBXBuildFile; fileRef = 9DF55C2327DBA9E30071EFC0 /* LaunchScreen.storyboard */; };
		9DF55C3A27DBACB70071EFC0 /* PinningCore.framework in Frameworks */ = {isa = PBXBuildFile; fileRef = 9DF55C3127DBACB70071EFC0 /* PinningCore.framework */; };
		9DF55C4127DBACB70071EFC0 /* PinningCoreTests.swift in Sources */ = {isa = PBXBuildFile; fileRef = 9DF55C4027DBACB70071EFC0 /* PinningCoreTests.swift */; };
		9DF55C4327DBACB70071EFC0 /* PinningCore.h in Headers */ = {isa = PBXBuildFile; fileRef = 9DF55C3327DBACB70071EFC0 /* PinningCore.h */; settings = {ATTRIBUTES = (Public, ); }; };
		9DF55C4627DBACB70071EFC0 /* PinningCore.framework in Frameworks */ = {isa = PBXBuildFile; fileRef = 9DF55C3127DBACB70071EFC0 /* PinningCore.framework */; };
		9DF55C4727DBACB70071EFC0 /* PinningCore.framework in Embed Frameworks */ = {isa = PBXBuildFile; fileRef = 9DF55C3127DBACB70071EFC0 /* PinningCore.framework */; settings = {ATTRIBUTES = (CodeSignOnCopy, RemoveHeadersOnCopy, ); }; };
		9DF55C5427DBB3C30071EFC0 /* TestFile.swift in Sources */ = {isa = PBXBuildFile; fileRef = 9DF55C5327DBB3C30071EFC0 /* TestFile.swift */; };
/* End PBXBuildFile section */

/* Begin PBXContainerItemProxy section */
		9DF55C3B27DBACB70071EFC0 /* PBXContainerItemProxy */ = {
			isa = PBXContainerItemProxy;
			containerPortal = 9DF55C0D27DBA9E20071EFC0 /* Project object */;
			proxyType = 1;
			remoteGlobalIDString = 9DF55C3027DBACB70071EFC0;
			remoteInfo = PinningCore;
		};
		9DF55C3D27DBACB70071EFC0 /* PBXContainerItemProxy */ = {
			isa = PBXContainerItemProxy;
			containerPortal = 9DF55C0D27DBA9E20071EFC0 /* Project object */;
			proxyType = 1;
			remoteGlobalIDString = 9DF55C1427DBA9E20071EFC0;
			remoteInfo = SSLPinning;
		};
		9DF55C4427DBACB70071EFC0 /* PBXContainerItemProxy */ = {
			isa = PBXContainerItemProxy;
			containerPortal = 9DF55C0D27DBA9E20071EFC0 /* Project object */;
			proxyType = 1;
			remoteGlobalIDString = 9DF55C3027DBACB70071EFC0;
			remoteInfo = PinningCore;
		};
/* End PBXContainerItemProxy section */

/* Begin PBXCopyFilesBuildPhase section */
		9DF55C4B27DBACB70071EFC0 /* Embed Frameworks */ = {
			isa = PBXCopyFilesBuildPhase;
			buildActionMask = 2147483647;
			dstPath = "";
			dstSubfolderSpec = 10;
			files = (
				9DF55C4727DBACB70071EFC0 /* PinningCore.framework in Embed Frameworks */,
			);
			name = "Embed Frameworks";
			runOnlyForDeploymentPostprocessing = 0;
		};
/* End PBXCopyFilesBuildPhase section */

/* Begin PBXFileReference section */
		9DF55C1527DBA9E20071EFC0 /* SSLPinning.app */ = {isa = PBXFileReference; explicitFileType = wrapper.application; includeInIndex = 0; path = SSLPinning.app; sourceTree = BUILT_PRODUCTS_DIR; };
		9DF55C1827DBA9E20071EFC0 /* AppDelegate.swift */ = {isa = PBXFileReference; lastKnownFileType = sourcecode.swift; path = AppDelegate.swift; sourceTree = "<group>"; };
		9DF55C1A27DBA9E20071EFC0 /* SceneDelegate.swift */ = {isa = PBXFileReference; lastKnownFileType = sourcecode.swift; path = SceneDelegate.swift; sourceTree = "<group>"; };
		9DF55C1C27DBA9E20071EFC0 /* ViewController.swift */ = {isa = PBXFileReference; lastKnownFileType = sourcecode.swift; path = ViewController.swift; sourceTree = "<group>"; };
		9DF55C1F27DBA9E20071EFC0 /* Base */ = {isa = PBXFileReference; lastKnownFileType = file.storyboard; name = Base; path = Base.lproj/Main.storyboard; sourceTree = "<group>"; };
		9DF55C2127DBA9E30071EFC0 /* Assets.xcassets */ = {isa = PBXFileReference; lastKnownFileType = folder.assetcatalog; path = Assets.xcassets; sourceTree = "<group>"; };
		9DF55C2427DBA9E30071EFC0 /* Base */ = {isa = PBXFileReference; lastKnownFileType = file.storyboard; name = Base; path = Base.lproj/LaunchScreen.storyboard; sourceTree = "<group>"; };
		9DF55C2627DBA9E30071EFC0 /* Info.plist */ = {isa = PBXFileReference; lastKnownFileType = text.plist.xml; path = Info.plist; sourceTree = "<group>"; };
		9DF55C3127DBACB70071EFC0 /* PinningCore.framework */ = {isa = PBXFileReference; explicitFileType = wrapper.framework; includeInIndex = 0; path = PinningCore.framework; sourceTree = BUILT_PRODUCTS_DIR; };
		9DF55C3327DBACB70071EFC0 /* PinningCore.h */ = {isa = PBXFileReference; lastKnownFileType = sourcecode.c.h; path = PinningCore.h; sourceTree = "<group>"; };
		9DF55C3427DBACB70071EFC0 /* Info.plist */ = {isa = PBXFileReference; lastKnownFileType = text.plist.xml; path = Info.plist; sourceTree = "<group>"; };
		9DF55C3927DBACB70071EFC0 /* PinningCoreTests.xctest */ = {isa = PBXFileReference; explicitFileType = wrapper.cfbundle; includeInIndex = 0; path = PinningCoreTests.xctest; sourceTree = BUILT_PRODUCTS_DIR; };
		9DF55C4027DBACB70071EFC0 /* PinningCoreTests.swift */ = {isa = PBXFileReference; lastKnownFileType = sourcecode.swift; path = PinningCoreTests.swift; sourceTree = "<group>"; };
		9DF55C4227DBACB70071EFC0 /* Info.plist */ = {isa = PBXFileReference; lastKnownFileType = text.plist.xml; path = Info.plist; sourceTree = "<group>"; };
		9DF55C5227DBAF750071EFC0 /* Package.swift */ = {isa = PBXFileReference; lastKnownFileType = sourcecode.swift; path = Package.swift; sourceTree = "<group>"; };
		9DF55C5327DBB3C30071EFC0 /* TestFile.swift */ = {isa = PBXFileReference; lastKnownFileType = sourcecode.swift; path = TestFile.swift; sourceTree = "<group>"; };
/* End PBXFileReference section */

/* Begin PBXFrameworksBuildPhase section */
		9DF55C1227DBA9E20071EFC0 /* Frameworks */ = {
			isa = PBXFrameworksBuildPhase;
			buildActionMask = 2147483647;
			files = (
				9DF55C4627DBACB70071EFC0 /* PinningCore.framework in Frameworks */,
			);
			runOnlyForDeploymentPostprocessing = 0;
		};
		9DF55C2E27DBACB70071EFC0 /* Frameworks */ = {
			isa = PBXFrameworksBuildPhase;
			buildActionMask = 2147483647;
			files = (
			);
			runOnlyForDeploymentPostprocessing = 0;
		};
		9DF55C3627DBACB70071EFC0 /* Frameworks */ = {
			isa = PBXFrameworksBuildPhase;
			buildActionMask = 2147483647;
			files = (
				9DF55C3A27DBACB70071EFC0 /* PinningCore.framework in Frameworks */,
			);
			runOnlyForDeploymentPostprocessing = 0;
		};
/* End PBXFrameworksBuildPhase section */

/* Begin PBXGroup section */
		9DF55C0C27DBA9E20071EFC0 = {
			isa = PBXGroup;
			children = (
				9DF55C5227DBAF750071EFC0 /* Package.swift */,
				9DF55C1727DBA9E20071EFC0 /* SSLPinning */,
				9DF55C3227DBACB70071EFC0 /* PinningCore */,
				9DF55C3F27DBACB70071EFC0 /* PinningCoreTests */,
				9DF55C1627DBA9E20071EFC0 /* Products */,
			);
			sourceTree = "<group>";
		};
		9DF55C1627DBA9E20071EFC0 /* Products */ = {
			isa = PBXGroup;
			children = (
				9DF55C1527DBA9E20071EFC0 /* SSLPinning.app */,
				9DF55C3127DBACB70071EFC0 /* PinningCore.framework */,
				9DF55C3927DBACB70071EFC0 /* PinningCoreTests.xctest */,
			);
			name = Products;
			sourceTree = "<group>";
		};
		9DF55C1727DBA9E20071EFC0 /* SSLPinning */ = {
			isa = PBXGroup;
			children = (
				9DF55C1827DBA9E20071EFC0 /* AppDelegate.swift */,
				9DF55C1A27DBA9E20071EFC0 /* SceneDelegate.swift */,
				9DF55C1C27DBA9E20071EFC0 /* ViewController.swift */,
				9DF55C1E27DBA9E20071EFC0 /* Main.storyboard */,
				9DF55C2127DBA9E30071EFC0 /* Assets.xcassets */,
				9DF55C2327DBA9E30071EFC0 /* LaunchScreen.storyboard */,
				9DF55C2627DBA9E30071EFC0 /* Info.plist */,
			);
			path = SSLPinning;
			sourceTree = "<group>";
		};
		9DF55C3227DBACB70071EFC0 /* PinningCore */ = {
			isa = PBXGroup;
			children = (
				9DF55C4F27DBAD030071EFC0 /* Sources */,
				9DF55C3327DBACB70071EFC0 /* PinningCore.h */,
				9DF55C3427DBACB70071EFC0 /* Info.plist */,
			);
			path = PinningCore;
			sourceTree = "<group>";
		};
		9DF55C3F27DBACB70071EFC0 /* PinningCoreTests */ = {
			isa = PBXGroup;
			children = (
				9DF55C4027DBACB70071EFC0 /* PinningCoreTests.swift */,
				9DF55C4227DBACB70071EFC0 /* Info.plist */,
			);
			path = PinningCoreTests;
			sourceTree = "<group>";
		};
		9DF55C4F27DBAD030071EFC0 /* Sources */ = {
			isa = PBXGroup;
			children = (
				9DF55C5327DBB3C30071EFC0 /* TestFile.swift */,
			);
			path = Sources;
			sourceTree = "<group>";
		};
/* End PBXGroup section */

/* Begin PBXHeadersBuildPhase section */
		9DF55C2C27DBACB70071EFC0 /* Headers */ = {
			isa = PBXHeadersBuildPhase;
			buildActionMask = 2147483647;
			files = (
				9DF55C4327DBACB70071EFC0 /* PinningCore.h in Headers */,
			);
			runOnlyForDeploymentPostprocessing = 0;
		};
/* End PBXHeadersBuildPhase section */

/* Begin PBXNativeTarget section */
		9DF55C1427DBA9E20071EFC0 /* SSLPinning */ = {
			isa = PBXNativeTarget;
			buildConfigurationList = 9DF55C2927DBA9E30071EFC0 /* Build configuration list for PBXNativeTarget "SSLPinning" */;
			buildPhases = (
				9DF55C1127DBA9E20071EFC0 /* Sources */,
				9DF55C1227DBA9E20071EFC0 /* Frameworks */,
				9DF55C1327DBA9E20071EFC0 /* Resources */,
				9DF55C4B27DBACB70071EFC0 /* Embed Frameworks */,
			);
			buildRules = (
			);
			dependencies = (
				9DF55C4527DBACB70071EFC0 /* PBXTargetDependency */,
			);
			name = SSLPinning;
			productName = SSLPinning;
			productReference = 9DF55C1527DBA9E20071EFC0 /* SSLPinning.app */;
			productType = "com.apple.product-type.application";
		};
		9DF55C3027DBACB70071EFC0 /* PinningCore */ = {
			isa = PBXNativeTarget;
			buildConfigurationList = 9DF55C4827DBACB70071EFC0 /* Build configuration list for PBXNativeTarget "PinningCore" */;
			buildPhases = (
				9DF55C2C27DBACB70071EFC0 /* Headers */,
				9DF55C2D27DBACB70071EFC0 /* Sources */,
				9DF55C2E27DBACB70071EFC0 /* Frameworks */,
				9DF55C2F27DBACB70071EFC0 /* Resources */,
			);
			buildRules = (
			);
			dependencies = (
			);
			name = PinningCore;
			productName = PinningCore;
			productReference = 9DF55C3127DBACB70071EFC0 /* PinningCore.framework */;
			productType = "com.apple.product-type.framework";
		};
		9DF55C3827DBACB70071EFC0 /* PinningCoreTests */ = {
			isa = PBXNativeTarget;
			buildConfigurationList = 9DF55C4C27DBACB70071EFC0 /* Build configuration list for PBXNativeTarget "PinningCoreTests" */;
			buildPhases = (
				9DF55C3527DBACB70071EFC0 /* Sources */,
				9DF55C3627DBACB70071EFC0 /* Frameworks */,
				9DF55C3727DBACB70071EFC0 /* Resources */,
			);
			buildRules = (
			);
			dependencies = (
				9DF55C3C27DBACB70071EFC0 /* PBXTargetDependency */,
				9DF55C3E27DBACB70071EFC0 /* PBXTargetDependency */,
			);
			name = PinningCoreTests;
			productName = PinningCoreTests;
			productReference = 9DF55C3927DBACB70071EFC0 /* PinningCoreTests.xctest */;
			productType = "com.apple.product-type.bundle.unit-test";
		};
/* End PBXNativeTarget section */

/* Begin PBXProject section */
		9DF55C0D27DBA9E20071EFC0 /* Project object */ = {
			isa = PBXProject;
			attributes = {
				LastSwiftUpdateCheck = 1250;
				LastUpgradeCheck = 1250;
				TargetAttributes = {
					9DF55C1427DBA9E20071EFC0 = {
						CreatedOnToolsVersion = 12.5.1;
					};
					9DF55C3027DBACB70071EFC0 = {
						CreatedOnToolsVersion = 12.5.1;
						LastSwiftMigration = 1250;
					};
					9DF55C3827DBACB70071EFC0 = {
						CreatedOnToolsVersion = 12.5.1;
						TestTargetID = 9DF55C1427DBA9E20071EFC0;
					};
				};
			};
			buildConfigurationList = 9DF55C1027DBA9E20071EFC0 /* Build configuration list for PBXProject "SSLPinning" */;
			compatibilityVersion = "Xcode 9.3";
			developmentRegion = en;
			hasScannedForEncodings = 0;
			knownRegions = (
				en,
				Base,
			);
			mainGroup = 9DF55C0C27DBA9E20071EFC0;
			productRefGroup = 9DF55C1627DBA9E20071EFC0 /* Products */;
			projectDirPath = "";
			projectRoot = "";
			targets = (
				9DF55C1427DBA9E20071EFC0 /* SSLPinning */,
				9DF55C3027DBACB70071EFC0 /* PinningCore */,
				9DF55C3827DBACB70071EFC0 /* PinningCoreTests */,
			);
		};
/* End PBXProject section */

/* Begin PBXResourcesBuildPhase section */
		9DF55C1327DBA9E20071EFC0 /* Resources */ = {
			isa = PBXResourcesBuildPhase;
			buildActionMask = 2147483647;
			files = (
				9DF55C2527DBA9E30071EFC0 /* LaunchScreen.storyboard in Resources */,
				9DF55C2227DBA9E30071EFC0 /* Assets.xcassets in Resources */,
				9DF55C2027DBA9E20071EFC0 /* Main.storyboard in Resources */,
			);
			runOnlyForDeploymentPostprocessing = 0;
		};
		9DF55C2F27DBACB70071EFC0 /* Resources */ = {
			isa = PBXResourcesBuildPhase;
			buildActionMask = 2147483647;
			files = (
			);
			runOnlyForDeploymentPostprocessing = 0;
		};
		9DF55C3727DBACB70071EFC0 /* Resources */ = {
			isa = PBXResourcesBuildPhase;
			buildActionMask = 2147483647;
			files = (
			);
			runOnlyForDeploymentPostprocessing = 0;
		};
/* End PBXResourcesBuildPhase section */

/* Begin PBXSourcesBuildPhase section */
		9DF55C1127DBA9E20071EFC0 /* Sources */ = {
			isa = PBXSourcesBuildPhase;
			buildActionMask = 2147483647;
			files = (
				9DF55C1D27DBA9E20071EFC0 /* ViewController.swift in Sources */,
				9DF55C1927DBA9E20071EFC0 /* AppDelegate.swift in Sources */,
				9DF55C1B27DBA9E20071EFC0 /* SceneDelegate.swift in Sources */,
			);
			runOnlyForDeploymentPostprocessing = 0;
		};
		9DF55C2D27DBACB70071EFC0 /* Sources */ = {
			isa = PBXSourcesBuildPhase;
			buildActionMask = 2147483647;
			files = (
				9DF55C5427DBB3C30071EFC0 /* TestFile.swift in Sources */,
			);
			runOnlyForDeploymentPostprocessing = 0;
		};
		9DF55C3527DBACB70071EFC0 /* Sources */ = {
			isa = PBXSourcesBuildPhase;
			buildActionMask = 2147483647;
			files = (
				9DF55C4127DBACB70071EFC0 /* PinningCoreTests.swift in Sources */,
			);
			runOnlyForDeploymentPostprocessing = 0;
		};
/* End PBXSourcesBuildPhase section */

/* Begin PBXTargetDependency section */
		9DF55C3C27DBACB70071EFC0 /* PBXTargetDependency */ = {
			isa = PBXTargetDependency;
			target = 9DF55C3027DBACB70071EFC0 /* PinningCore */;
			targetProxy = 9DF55C3B27DBACB70071EFC0 /* PBXContainerItemProxy */;
		};
		9DF55C3E27DBACB70071EFC0 /* PBXTargetDependency */ = {
			isa = PBXTargetDependency;
			target = 9DF55C1427DBA9E20071EFC0 /* SSLPinning */;
			targetProxy = 9DF55C3D27DBACB70071EFC0 /* PBXContainerItemProxy */;
		};
		9DF55C4527DBACB70071EFC0 /* PBXTargetDependency */ = {
			isa = PBXTargetDependency;
			target = 9DF55C3027DBACB70071EFC0 /* PinningCore */;
			targetProxy = 9DF55C4427DBACB70071EFC0 /* PBXContainerItemProxy */;
		};
/* End PBXTargetDependency section */

/* Begin PBXVariantGroup section */
		9DF55C1E27DBA9E20071EFC0 /* Main.storyboard */ = {
			isa = PBXVariantGroup;
			children = (
				9DF55C1F27DBA9E20071EFC0 /* Base */,
			);
			name = Main.storyboard;
			sourceTree = "<group>";
		};
		9DF55C2327DBA9E30071EFC0 /* LaunchScreen.storyboard */ = {
			isa = PBXVariantGroup;
			children = (
				9DF55C2427DBA9E30071EFC0 /* Base */,
			);
			name = LaunchScreen.storyboard;
			sourceTree = "<group>";
		};
/* End PBXVariantGroup section */

/* Begin XCBuildConfiguration section */
		9DF55C2727DBA9E30071EFC0 /* Debug */ = {
			isa = XCBuildConfiguration;
			buildSettings = {
				ALWAYS_SEARCH_USER_PATHS = NO;
				CLANG_ANALYZER_NONNULL = YES;
				CLANG_ANALYZER_NUMBER_OBJECT_CONVERSION = YES_AGGRESSIVE;
				CLANG_CXX_LANGUAGE_STANDARD = "gnu++14";
				CLANG_CXX_LIBRARY = "libc++";
				CLANG_ENABLE_MODULES = YES;
				CLANG_ENABLE_OBJC_ARC = YES;
				CLANG_ENABLE_OBJC_WEAK = YES;
				CLANG_WARN_BLOCK_CAPTURE_AUTORELEASING = YES;
				CLANG_WARN_BOOL_CONVERSION = YES;
				CLANG_WARN_COMMA = YES;
				CLANG_WARN_CONSTANT_CONVERSION = YES;
				CLANG_WARN_DEPRECATED_OBJC_IMPLEMENTATIONS = YES;
				CLANG_WARN_DIRECT_OBJC_ISA_USAGE = YES_ERROR;
				CLANG_WARN_DOCUMENTATION_COMMENTS = YES;
				CLANG_WARN_EMPTY_BODY = YES;
				CLANG_WARN_ENUM_CONVERSION = YES;
				CLANG_WARN_INFINITE_RECURSION = YES;
				CLANG_WARN_INT_CONVERSION = YES;
				CLANG_WARN_NON_LITERAL_NULL_CONVERSION = YES;
				CLANG_WARN_OBJC_IMPLICIT_RETAIN_SELF = YES;
				CLANG_WARN_OBJC_LITERAL_CONVERSION = YES;
				CLANG_WARN_OBJC_ROOT_CLASS = YES_ERROR;
				CLANG_WARN_QUOTED_INCLUDE_IN_FRAMEWORK_HEADER = YES;
				CLANG_WARN_RANGE_LOOP_ANALYSIS = YES;
				CLANG_WARN_STRICT_PROTOTYPES = YES;
				CLANG_WARN_SUSPICIOUS_MOVE = YES;
				CLANG_WARN_UNGUARDED_AVAILABILITY = YES_AGGRESSIVE;
				CLANG_WARN_UNREACHABLE_CODE = YES;
				CLANG_WARN__DUPLICATE_METHOD_MATCH = YES;
				COPY_PHASE_STRIP = NO;
				DEBUG_INFORMATION_FORMAT = dwarf;
				ENABLE_STRICT_OBJC_MSGSEND = YES;
				ENABLE_TESTABILITY = YES;
				GCC_C_LANGUAGE_STANDARD = gnu11;
				GCC_DYNAMIC_NO_PIC = NO;
				GCC_NO_COMMON_BLOCKS = YES;
				GCC_OPTIMIZATION_LEVEL = 0;
				GCC_PREPROCESSOR_DEFINITIONS = (
					"DEBUG=1",
					"$(inherited)",
				);
				GCC_WARN_64_TO_32_BIT_CONVERSION = YES;
				GCC_WARN_ABOUT_RETURN_TYPE = YES_ERROR;
				GCC_WARN_UNDECLARED_SELECTOR = YES;
				GCC_WARN_UNINITIALIZED_AUTOS = YES_AGGRESSIVE;
				GCC_WARN_UNUSED_FUNCTION = YES;
				GCC_WARN_UNUSED_VARIABLE = YES;
				IPHONEOS_DEPLOYMENT_TARGET = 13;
				MTL_ENABLE_DEBUG_INFO = INCLUDE_SOURCE;
				MTL_FAST_MATH = YES;
				ONLY_ACTIVE_ARCH = YES;
				SDKROOT = iphoneos;
				SWIFT_ACTIVE_COMPILATION_CONDITIONS = DEBUG;
				SWIFT_OPTIMIZATION_LEVEL = "-Onone";
			};
			name = Debug;
		};
		9DF55C2827DBA9E30071EFC0 /* Release */ = {
			isa = XCBuildConfiguration;
			buildSettings = {
				ALWAYS_SEARCH_USER_PATHS = NO;
				CLANG_ANALYZER_NONNULL = YES;
				CLANG_ANALYZER_NUMBER_OBJECT_CONVERSION = YES_AGGRESSIVE;
				CLANG_CXX_LANGUAGE_STANDARD = "gnu++14";
				CLANG_CXX_LIBRARY = "libc++";
				CLANG_ENABLE_MODULES = YES;
				CLANG_ENABLE_OBJC_ARC = YES;
				CLANG_ENABLE_OBJC_WEAK = YES;
				CLANG_WARN_BLOCK_CAPTURE_AUTORELEASING = YES;
				CLANG_WARN_BOOL_CONVERSION = YES;
				CLANG_WARN_COMMA = YES;
				CLANG_WARN_CONSTANT_CONVERSION = YES;
				CLANG_WARN_DEPRECATED_OBJC_IMPLEMENTATIONS = YES;
				CLANG_WARN_DIRECT_OBJC_ISA_USAGE = YES_ERROR;
				CLANG_WARN_DOCUMENTATION_COMMENTS = YES;
				CLANG_WARN_EMPTY_BODY = YES;
				CLANG_WARN_ENUM_CONVERSION = YES;
				CLANG_WARN_INFINITE_RECURSION = YES;
				CLANG_WARN_INT_CONVERSION = YES;
				CLANG_WARN_NON_LITERAL_NULL_CONVERSION = YES;
				CLANG_WARN_OBJC_IMPLICIT_RETAIN_SELF = YES;
				CLANG_WARN_OBJC_LITERAL_CONVERSION = YES;
				CLANG_WARN_OBJC_ROOT_CLASS = YES_ERROR;
				CLANG_WARN_QUOTED_INCLUDE_IN_FRAMEWORK_HEADER = YES;
				CLANG_WARN_RANGE_LOOP_ANALYSIS = YES;
				CLANG_WARN_STRICT_PROTOTYPES = YES;
				CLANG_WARN_SUSPICIOUS_MOVE = YES;
				CLANG_WARN_UNGUARDED_AVAILABILITY = YES_AGGRESSIVE;
				CLANG_WARN_UNREACHABLE_CODE = YES;
				CLANG_WARN__DUPLICATE_METHOD_MATCH = YES;
				COPY_PHASE_STRIP = NO;
				DEBUG_INFORMATION_FORMAT = "dwarf-with-dsym";
				ENABLE_NS_ASSERTIONS = NO;
				ENABLE_STRICT_OBJC_MSGSEND = YES;
				GCC_C_LANGUAGE_STANDARD = gnu11;
				GCC_NO_COMMON_BLOCKS = YES;
				GCC_WARN_64_TO_32_BIT_CONVERSION = YES;
				GCC_WARN_ABOUT_RETURN_TYPE = YES_ERROR;
				GCC_WARN_UNDECLARED_SELECTOR = YES;
				GCC_WARN_UNINITIALIZED_AUTOS = YES_AGGRESSIVE;
				GCC_WARN_UNUSED_FUNCTION = YES;
				GCC_WARN_UNUSED_VARIABLE = YES;
				IPHONEOS_DEPLOYMENT_TARGET = 13;
				MTL_ENABLE_DEBUG_INFO = NO;
				MTL_FAST_MATH = YES;
				SDKROOT = iphoneos;
				SWIFT_COMPILATION_MODE = wholemodule;
				SWIFT_OPTIMIZATION_LEVEL = "-O";
				VALIDATE_PRODUCT = YES;
			};
			name = Release;
		};
		9DF55C2A27DBA9E30071EFC0 /* Debug */ = {
			isa = XCBuildConfiguration;
			buildSettings = {
				ALWAYS_EMBED_SWIFT_STANDARD_LIBRARIES = YES;
				ASSETCATALOG_COMPILER_APPICON_NAME = AppIcon;
				ASSETCATALOG_COMPILER_GLOBAL_ACCENT_COLOR_NAME = AccentColor;
				CODE_SIGN_STYLE = Automatic;
				DEVELOPMENT_TEAM = 297646QN2B;
				INFOPLIST_FILE = SSLPinning/Info.plist;
				IPHONEOS_DEPLOYMENT_TARGET = 13.0;
				LD_RUNPATH_SEARCH_PATHS = (
					"$(inherited)",
					"@executable_path/Frameworks",
				);
				PRODUCT_BUNDLE_IDENTIFIER = bn.software.com.SSLPinning;
				PRODUCT_NAME = "$(TARGET_NAME)";
				SWIFT_VERSION = 5.0;
				TARGETED_DEVICE_FAMILY = 1;
			};
			name = Debug;
		};
		9DF55C2B27DBA9E30071EFC0 /* Release */ = {
			isa = XCBuildConfiguration;
			buildSettings = {
				ALWAYS_EMBED_SWIFT_STANDARD_LIBRARIES = YES;
				ASSETCATALOG_COMPILER_APPICON_NAME = AppIcon;
				ASSETCATALOG_COMPILER_GLOBAL_ACCENT_COLOR_NAME = AccentColor;
				CODE_SIGN_STYLE = Automatic;
				DEVELOPMENT_TEAM = 297646QN2B;
				INFOPLIST_FILE = SSLPinning/Info.plist;
				IPHONEOS_DEPLOYMENT_TARGET = 13.0;
				LD_RUNPATH_SEARCH_PATHS = (
					"$(inherited)",
					"@executable_path/Frameworks",
				);
				PRODUCT_BUNDLE_IDENTIFIER = bn.software.com.SSLPinning;
				PRODUCT_NAME = "$(TARGET_NAME)";
				SWIFT_VERSION = 5.0;
				TARGETED_DEVICE_FAMILY = 1;
			};
			name = Release;
		};
		9DF55C4927DBACB70071EFC0 /* Debug */ = {
			isa = XCBuildConfiguration;
			buildSettings = {
				CLANG_ENABLE_MODULES = YES;
				CODE_SIGN_STYLE = Automatic;
				CURRENT_PROJECT_VERSION = 1;
				DEFINES_MODULE = YES;
				DEVELOPMENT_TEAM = 297646QN2B;
				DYLIB_COMPATIBILITY_VERSION = 1;
				DYLIB_CURRENT_VERSION = 1;
				DYLIB_INSTALL_NAME_BASE = "@rpath";
				INFOPLIST_FILE = PinningCore/Info.plist;
				INSTALL_PATH = "$(LOCAL_LIBRARY_DIR)/Frameworks";
				IPHONEOS_DEPLOYMENT_TARGET = 13.0;
				LD_RUNPATH_SEARCH_PATHS = (
					"$(inherited)",
					"@executable_path/Frameworks",
					"@loader_path/Frameworks",
				);
				PRODUCT_BUNDLE_IDENTIFIER = bn.software.com.PinningCore;
				PRODUCT_NAME = "$(TARGET_NAME:c99extidentifier)";
				SKIP_INSTALL = YES;
				SUPPORTS_MACCATALYST = NO;
				SWIFT_OPTIMIZATION_LEVEL = "-Onone";
				SWIFT_VERSION = 5.0;
				TARGETED_DEVICE_FAMILY = 1;
				VERSIONING_SYSTEM = "apple-generic";
				VERSION_INFO_PREFIX = "";
			};
			name = Debug;
		};
		9DF55C4A27DBACB70071EFC0 /* Release */ = {
			isa = XCBuildConfiguration;
			buildSettings = {
				CLANG_ENABLE_MODULES = YES;
				CODE_SIGN_STYLE = Automatic;
				CURRENT_PROJECT_VERSION = 1;
				DEFINES_MODULE = YES;
				DEVELOPMENT_TEAM = 297646QN2B;
				DYLIB_COMPATIBILITY_VERSION = 1;
				DYLIB_CURRENT_VERSION = 1;
				DYLIB_INSTALL_NAME_BASE = "@rpath";
				INFOPLIST_FILE = PinningCore/Info.plist;
				INSTALL_PATH = "$(LOCAL_LIBRARY_DIR)/Frameworks";
				IPHONEOS_DEPLOYMENT_TARGET = 13.0;
				LD_RUNPATH_SEARCH_PATHS = (
					"$(inherited)",
					"@executable_path/Frameworks",
					"@loader_path/Frameworks",
				);
				PRODUCT_BUNDLE_IDENTIFIER = bn.software.com.PinningCore;
				PRODUCT_NAME = "$(TARGET_NAME:c99extidentifier)";
				SKIP_INSTALL = YES;
				SUPPORTS_MACCATALYST = NO;
				SWIFT_VERSION = 5.0;
				TARGETED_DEVICE_FAMILY = 1;
				VERSIONING_SYSTEM = "apple-generic";
				VERSION_INFO_PREFIX = "";
			};
			name = Release;
		};
		9DF55C4D27DBACB70071EFC0 /* Debug */ = {
			isa = XCBuildConfiguration;
			buildSettings = {
				ALWAYS_EMBED_SWIFT_STANDARD_LIBRARIES = YES;
				CODE_SIGN_STYLE = Automatic;
				DEVELOPMENT_TEAM = 297646QN2B;
				INFOPLIST_FILE = PinningCoreTests/Info.plist;
				LD_RUNPATH_SEARCH_PATHS = (
					"$(inherited)",
					"@executable_path/Frameworks",
					"@loader_path/Frameworks",
				);
				PRODUCT_BUNDLE_IDENTIFIER = bn.software.com.PinningCoreTests;
				PRODUCT_NAME = "$(TARGET_NAME)";
				SWIFT_VERSION = 5.0;
				TARGETED_DEVICE_FAMILY = "1,2";
				TEST_HOST = "$(BUILT_PRODUCTS_DIR)/SSLPinning.app/SSLPinning";
			};
			name = Debug;
		};
		9DF55C4E27DBACB70071EFC0 /* Release */ = {
			isa = XCBuildConfiguration;
			buildSettings = {
				ALWAYS_EMBED_SWIFT_STANDARD_LIBRARIES = YES;
				CODE_SIGN_STYLE = Automatic;
				DEVELOPMENT_TEAM = 297646QN2B;
				INFOPLIST_FILE = PinningCoreTests/Info.plist;
				LD_RUNPATH_SEARCH_PATHS = (
					"$(inherited)",
					"@executable_path/Frameworks",
					"@loader_path/Frameworks",
				);
				PRODUCT_BUNDLE_IDENTIFIER = bn.software.com.PinningCoreTests;
				PRODUCT_NAME = "$(TARGET_NAME)";
				SWIFT_VERSION = 5.0;
				TARGETED_DEVICE_FAMILY = "1,2";
				TEST_HOST = "$(BUILT_PRODUCTS_DIR)/SSLPinning.app/SSLPinning";
			};
			name = Release;
		};
/* End XCBuildConfiguration section */

/* Begin XCConfigurationList section */
		9DF55C1027DBA9E20071EFC0 /* Build configuration list for PBXProject "SSLPinning" */ = {
			isa = XCConfigurationList;
			buildConfigurations = (
				9DF55C2727DBA9E30071EFC0 /* Debug */,
				9DF55C2827DBA9E30071EFC0 /* Release */,
			);
			defaultConfigurationIsVisible = 0;
			defaultConfigurationName = Release;
		};
		9DF55C2927DBA9E30071EFC0 /* Build configuration list for PBXNativeTarget "SSLPinning" */ = {
			isa = XCConfigurationList;
			buildConfigurations = (
				9DF55C2A27DBA9E30071EFC0 /* Debug */,
				9DF55C2B27DBA9E30071EFC0 /* Release */,
			);
			defaultConfigurationIsVisible = 0;
			defaultConfigurationName = Release;
		};
		9DF55C4827DBACB70071EFC0 /* Build configuration list for PBXNativeTarget "PinningCore" */ = {
			isa = XCConfigurationList;
			buildConfigurations = (
				9DF55C4927DBACB70071EFC0 /* Debug */,
				9DF55C4A27DBACB70071EFC0 /* Release */,
			);
			defaultConfigurationIsVisible = 0;
			defaultConfigurationName = Release;
		};
		9DF55C4C27DBACB70071EFC0 /* Build configuration list for PBXNativeTarget "PinningCoreTests" */ = {
			isa = XCConfigurationList;
			buildConfigurations = (
				9DF55C4D27DBACB70071EFC0 /* Debug */,
				9DF55C4E27DBACB70071EFC0 /* Release */,
			);
			defaultConfigurationIsVisible = 0;
			defaultConfigurationName = Release;
		};
/* End XCConfigurationList section */
	};
	rootObject = 9DF55C0D27DBA9E20071EFC0 /* Project object */;
}
